
Microsoft Visual Studio Solution File, Format Version 10.00
# Visual Studio 2008
Project("{FAE04EC0-301F-11D3-BF4B-00C04F79EFBC}") = "PaJaMa.WinControls", "PaJaMa.WinControls.csproj", "{BD3684C1-DD08-441F-9448-CA39006E113A}"
EndProject
Global
	GlobalSection(SolutionConfigurationPlatforms) = preSolution
		Debug|Any CPU = Debug|Any CPU
		Release|Any CPU = Release|Any CPU
	EndGlobalSection
	GlobalSection(ProjectConfigurationPlatforms) = postSolution
		{BD3684C1-DD08-441F-9448-CA39006E113A}.Debug|Any CPU.ActiveCfg = Debug|Any CPU
		{BD3684C1-DD08-441F-9448-CA39006E113A}.Debug|Any CPU.Build.0 = Debug|Any CPU
		{BD3684C1-DD08-441F-9448-CA39006E113A}.Release|Any CPU.ActiveCfg = Release|Any CPU
		{BD3684C1-DD08-441F-9448-CA39006E113A}.Release|Any CPU.Build.0 = Release|Any CPU
	EndGlobalSection
	GlobalSection(SolutionProperties) = preSolution
		HideSolutionNode = FALSE
	EndGlobalSection
EndGlobal
